
Microsoft Visual Studio Solution File, Format Version 12.00
# Visual Studio Version 17
VisualStudioVersion = 17.9.34723.18
MinimumVisualStudioVersion = 10.0.40219.1
Project("{9A19103F-16F7-4668-BE54-9A1E7A4F7556}") = "ProductService", "ProductService\ProductService.csproj", "{5D2497BF-5F6C-4D86-9E63-68E0F098ADBA}"
EndProject
Project("{2150E333-8FDC-42A3-9474-1A3956D46DE8}") = "Src", "Src", "{FEC4A598-8261-41BA-971C-891866793320}"
EndProject
Project("{2150E333-8FDC-42A3-9474-1A3956D46DE8}") = "Test", "Test", "{D4C1DCFF-103A-41D4-BAC6-8BE2484B5389}"
EndProject
Project("{9A19103F-16F7-4668-BE54-9A1E7A4F7556}") = "ProductServiceTest", "ProductServiceTest\ProductServiceTest.csproj", "{F0E5BC1B-8F1E-436D-B00A-26BAFB5D0472}"
EndProject
Project("{2150E333-8FDC-42A3-9474-1A3956D46DE8}") = "01UnitTest", "01UnitTest", "{925EB26C-52EF-46E4-91DB-321F96ED239A}"
EndProject
Project("{2150E333-8FDC-42A3-9474-1A3956D46DE8}") = "02Component(Service)test", "02Component(Service)test", "{9C8CDC6C-2E4A-415B-85F6-8186EA0ABFE8}"
EndProject
Project("{9A19103F-16F7-4668-BE54-9A1E7A4F7556}") = "ProductServiceComponentTest", "ProductServiceComponentTest\ProductServiceComponentTest.csproj", "{170B175A-6FDA-4670-9E29-5C35E8DADF8C}"
EndProject
Project("{2150E333-8FDC-42A3-9474-1A3956D46DE8}") = "03IntegrationTests", "03IntegrationTests", "{990E7BD7-CCE6-46EB-A2A7-25845885954B}"
EndProject
Project("{FAE04EC0-301F-11D3-BF4B-00C04F79EFBC}") = "ProductServiceIntegrationTests", "ProductServiceIntegrationTests\ProductServiceIntegrationTests.csproj", "{E5090541-EC54-4ADF-995D-9427D9290C71}"
EndProject
Global
	GlobalSection(SolutionConfigurationPlatforms) = preSolution
		Debug|Any CPU = Debug|Any CPU
		Release|Any CPU = Release|Any CPU
	EndGlobalSection
	GlobalSection(ProjectConfigurationPlatforms) = postSolution
		{5D2497BF-5F6C-4D86-9E63-68E0F098ADBA}.Debug|Any CPU.ActiveCfg = Debug|Any CPU
		{5D2497BF-5F6C-4D86-9E63-68E0F098ADBA}.Debug|Any CPU.Build.0 = Debug|Any CPU
		{5D2497BF-5F6C-4D86-9E63-68E0F098ADBA}.Release|Any CPU.ActiveCfg = Release|Any CPU
		{5D2497BF-5F6C-4D86-9E63-68E0F098ADBA}.Release|Any CPU.Build.0 = Release|Any CPU
		{F0E5BC1B-8F1E-436D-B00A-26BAFB5D0472}.Debug|Any CPU.ActiveCfg = Debug|Any CPU
		{F0E5BC1B-8F1E-436D-B00A-26BAFB5D0472}.Debug|Any CPU.Build.0 = Debug|Any CPU
		{F0E5BC1B-8F1E-436D-B00A-26BAFB5D0472}.Release|Any CPU.ActiveCfg = Release|Any CPU
		{F0E5BC1B-8F1E-436D-B00A-26BAFB5D0472}.Release|Any CPU.Build.0 = Release|Any CPU
		{170B175A-6FDA-4670-9E29-5C35E8DADF8C}.Debug|Any CPU.ActiveCfg = Debug|Any CPU
		{170B175A-6FDA-4670-9E29-5C35E8DADF8C}.Debug|Any CPU.Build.0 = Debug|Any CPU
		{170B175A-6FDA-4670-9E29-5C35E8DADF8C}.Release|Any CPU.ActiveCfg = Release|Any CPU
		{170B175A-6FDA-4670-9E29-5C35E8DADF8C}.Release|Any CPU.Build.0 = Release|Any CPU
		{E5090541-EC54-4ADF-995D-9427D9290C71}.Debug|Any CPU.ActiveCfg = Debug|Any CPU
		{E5090541-EC54-4ADF-995D-9427D9290C71}.Debug|Any CPU.Build.0 = Debug|Any CPU
		{E5090541-EC54-4ADF-995D-9427D9290C71}.Release|Any CPU.ActiveCfg = Release|Any CPU
		{E5090541-EC54-4ADF-995D-9427D9290C71}.Release|Any CPU.Build.0 = Release|Any CPU
	EndGlobalSection
	GlobalSection(SolutionProperties) = preSolution
		HideSolutionNode = FALSE
	EndGlobalSection
	GlobalSection(NestedProjects) = preSolution
		{5D2497BF-5F6C-4D86-9E63-68E0F098ADBA} = {FEC4A598-8261-41BA-971C-891866793320}
		{F0E5BC1B-8F1E-436D-B00A-26BAFB5D0472} = {925EB26C-52EF-46E4-91DB-321F96ED239A}
		{925EB26C-52EF-46E4-91DB-321F96ED239A} = {D4C1DCFF-103A-41D4-BAC6-8BE2484B5389}
		{9C8CDC6C-2E4A-415B-85F6-8186EA0ABFE8} = {D4C1DCFF-103A-41D4-BAC6-8BE2484B5389}
		{170B175A-6FDA-4670-9E29-5C35E8DADF8C} = {9C8CDC6C-2E4A-415B-85F6-8186EA0ABFE8}
		{990E7BD7-CCE6-46EB-A2A7-25845885954B} = {D4C1DCFF-103A-41D4-BAC6-8BE2484B5389}
		{E5090541-EC54-4ADF-995D-9427D9290C71} = {990E7BD7-CCE6-46EB-A2A7-25845885954B}
	EndGlobalSection
	GlobalSection(ExtensibilityGlobals) = postSolution
		SolutionGuid = {99C4F878-09CA-4FD6-8AD2-301F165B6093}
	EndGlobalSection
EndGlobal
